
Microsoft Visual Studio Solution File, Format Version 12.00
# Visual Studio Version 17
VisualStudioVersion = 17.2.32516.85
MinimumVisualStudioVersion = 10.0.40219.1
Project("{FAE04EC0-301F-11D3-BF4B-00C04F79EFBC}") = "Prob", "Prob\Prob.csproj", "{1FDD67E6-1B0C-46BF-9444-E6BEA2F69030}"
EndProject
Global
	GlobalSection(SolutionConfigurationPlatforms) = preSolution
		Debug|Any CPU = Debug|Any CPU
		Release|Any CPU = Release|Any CPU
	EndGlobalSection
	GlobalSection(ProjectConfigurationPlatforms) = postSolution
		{1FDD67E6-1B0C-46BF-9444-E6BEA2F69030}.Debug|Any CPU.ActiveCfg = Debug|Any CPU
		{1FDD67E6-1B0C-46BF-9444-E6BEA2F69030}.Debug|Any CPU.Build.0 = Debug|Any CPU
		{1FDD67E6-1B0C-46BF-9444-E6BEA2F69030}.Release|Any CPU.ActiveCfg = Release|Any CPU
		{1FDD67E6-1B0C-46BF-9444-E6BEA2F69030}.Release|Any CPU.Build.0 = Release|Any CPU
	EndGlobalSection
	GlobalSection(SolutionProperties) = preSolution
		HideSolutionNode = FALSE
	EndGlobalSection
	GlobalSection(ExtensibilityGlobals) = postSolution
		SolutionGuid = {C80864B4-3FE4-43EB-A243-BFCEDE85C3A5}
	EndGlobalSection
EndGlobal
